
Microsoft Visual Studio Solution File, Format Version 12.00
# Visual Studio 2012
Project("{FAE04EC0-301F-11D3-BF4B-00C04F79EFBC}") = "BankOCRKata", "BankOCRKata\BankOCRKata.csproj", "{7E401616-74C4-4EAA-80D4-391CE9B3030F}"
EndProject
Project("{FAE04EC0-301F-11D3-BF4B-00C04F79EFBC}") = "BankOCRTests", "BankOCRTests\BankOCRTests.csproj", "{98D44CAB-E03F-4333-9C8D-AEC4431037DF}"
EndProject
Global
	GlobalSection(SolutionConfigurationPlatforms) = preSolution
		Debug|Any CPU = Debug|Any CPU
		Release|Any CPU = Release|Any CPU
	EndGlobalSection
	GlobalSection(ProjectConfigurationPlatforms) = postSolution
		{7E401616-74C4-4EAA-80D4-391CE9B3030F}.Debug|Any CPU.ActiveCfg = Debug|Any CPU
		{7E401616-74C4-4EAA-80D4-391CE9B3030F}.Debug|Any CPU.Build.0 = Debug|Any CPU
		{7E401616-74C4-4EAA-80D4-391CE9B3030F}.Release|Any CPU.ActiveCfg = Release|Any CPU
		{7E401616-74C4-4EAA-80D4-391CE9B3030F}.Release|Any CPU.Build.0 = Release|Any CPU
		{98D44CAB-E03F-4333-9C8D-AEC4431037DF}.Debug|Any CPU.ActiveCfg = Debug|Any CPU
		{98D44CAB-E03F-4333-9C8D-AEC4431037DF}.Debug|Any CPU.Build.0 = Debug|Any CPU
		{98D44CAB-E03F-4333-9C8D-AEC4431037DF}.Release|Any CPU.ActiveCfg = Release|Any CPU
		{98D44CAB-E03F-4333-9C8D-AEC4431037DF}.Release|Any CPU.Build.0 = Release|Any CPU
	EndGlobalSection
	GlobalSection(SolutionProperties) = preSolution
		HideSolutionNode = FALSE
	EndGlobalSection
EndGlobal
